
Microsoft Visual Studio Solution File, Format Version 12.00
# Visual Studio Version 17
VisualStudioVersion = 17.1.32421.90
MinimumVisualStudioVersion = 10.0.40219.1
Project("{8BC9CEB8-8B4A-11D0-8D11-00A0C91BC942}") = "libEasyFsi", "libEasyFsi\libEasyFsi.vcxproj", "{CDB05046-1763-4B45-9CCC-02CF0BC9513D}"
EndProject
Project("{8BC9CEB8-8B4A-11D0-8D11-00A0C91BC942}") = "pybind", "pybind\pybind.vcxproj", "{816D6EFB-AB62-41E1-A5B2-1940673EAD18}"
	ProjectSection(ProjectDependencies) = postProject
		{CDB05046-1763-4B45-9CCC-02CF0BC9513D} = {CDB05046-1763-4B45-9CCC-02CF0BC9513D}
	EndProjectSection
EndProject
Project("{888888A0-9F3D-457C-B088-3A5042F75D52}") = "test_it", "test_it\test_it.pyproj", "{5DB861B6-5E28-47C8-A94C-300B640BD4A3}"
EndProject
Global
	GlobalSection(SolutionConfigurationPlatforms) = preSolution
		Debug|Any CPU = Debug|Any CPU
		Debug|x64 = Debug|x64
		Debug|x86 = Debug|x86
		DebugDll|Any CPU = DebugDll|Any CPU
		DebugDll|x64 = DebugDll|x64
		DebugDll|x86 = DebugDll|x86
		Release|Any CPU = Release|Any CPU
		Release|x64 = Release|x64
		Release|x86 = Release|x86
		ReleaseDll|Any CPU = ReleaseDll|Any CPU
		ReleaseDll|x64 = ReleaseDll|x64
		ReleaseDll|x86 = ReleaseDll|x86
	EndGlobalSection
	GlobalSection(ProjectConfigurationPlatforms) = postSolution
		{CDB05046-1763-4B45-9CCC-02CF0BC9513D}.Debug|Any CPU.ActiveCfg = Debug|x64
		{CDB05046-1763-4B45-9CCC-02CF0BC9513D}.Debug|Any CPU.Build.0 = Debug|x64
		{CDB05046-1763-4B45-9CCC-02CF0BC9513D}.Debug|x64.ActiveCfg = Debug|x64
		{CDB05046-1763-4B45-9CCC-02CF0BC9513D}.Debug|x64.Build.0 = Debug|x64
		{CDB05046-1763-4B45-9CCC-02CF0BC9513D}.Debug|x86.ActiveCfg = Debug|x64
		{CDB05046-1763-4B45-9CCC-02CF0BC9513D}.Debug|x86.Build.0 = Debug|x64
		{CDB05046-1763-4B45-9CCC-02CF0BC9513D}.DebugDll|Any CPU.ActiveCfg = DebugDll|x64
		{CDB05046-1763-4B45-9CCC-02CF0BC9513D}.DebugDll|Any CPU.Build.0 = DebugDll|x64
		{CDB05046-1763-4B45-9CCC-02CF0BC9513D}.DebugDll|x64.ActiveCfg = DebugDll|x64
		{CDB05046-1763-4B45-9CCC-02CF0BC9513D}.DebugDll|x64.Build.0 = DebugDll|x64
		{CDB05046-1763-4B45-9CCC-02CF0BC9513D}.DebugDll|x86.ActiveCfg = DebugDll|x64
		{CDB05046-1763-4B45-9CCC-02CF0BC9513D}.DebugDll|x86.Build.0 = DebugDll|x64
		{CDB05046-1763-4B45-9CCC-02CF0BC9513D}.Release|Any CPU.ActiveCfg = Release|x64
		{CDB05046-1763-4B45-9CCC-02CF0BC9513D}.Release|Any CPU.Build.0 = Release|x64
		{CDB05046-1763-4B45-9CCC-02CF0BC9513D}.Release|x64.ActiveCfg = Release|x64
		{CDB05046-1763-4B45-9CCC-02CF0BC9513D}.Release|x64.Build.0 = Release|x64
		{CDB05046-1763-4B45-9CCC-02CF0BC9513D}.Release|x86.ActiveCfg = Release|x64
		{CDB05046-1763-4B45-9CCC-02CF0BC9513D}.Release|x86.Build.0 = Release|x64
		{CDB05046-1763-4B45-9CCC-02CF0BC9513D}.ReleaseDll|Any CPU.ActiveCfg = ReleaseDll|x64
		{CDB05046-1763-4B45-9CCC-02CF0BC9513D}.ReleaseDll|Any CPU.Build.0 = ReleaseDll|x64
		{CDB05046-1763-4B45-9CCC-02CF0BC9513D}.ReleaseDll|x64.ActiveCfg = ReleaseDll|x64
		{CDB05046-1763-4B45-9CCC-02CF0BC9513D}.ReleaseDll|x64.Build.0 = ReleaseDll|x64
		{CDB05046-1763-4B45-9CCC-02CF0BC9513D}.ReleaseDll|x86.ActiveCfg = ReleaseDll|x64
		{CDB05046-1763-4B45-9CCC-02CF0BC9513D}.ReleaseDll|x86.Build.0 = ReleaseDll|x64
		{816D6EFB-AB62-41E1-A5B2-1940673EAD18}.Debug|Any CPU.ActiveCfg = Debug|x64
		{816D6EFB-AB62-41E1-A5B2-1940673EAD18}.Debug|Any CPU.Build.0 = Debug|x64
		{816D6EFB-AB62-41E1-A5B2-1940673EAD18}.Debug|x64.ActiveCfg = Debug|x64
		{816D6EFB-AB62-41E1-A5B2-1940673EAD18}.Debug|x64.Build.0 = Debug|x64
		{816D6EFB-AB62-41E1-A5B2-1940673EAD18}.Debug|x86.ActiveCfg = Debug|Win32
		{816D6EFB-AB62-41E1-A5B2-1940673EAD18}.Debug|x86.Build.0 = Debug|Win32
		{816D6EFB-AB62-41E1-A5B2-1940673EAD18}.DebugDll|Any CPU.ActiveCfg = Debug|x64
		{816D6EFB-AB62-41E1-A5B2-1940673EAD18}.DebugDll|Any CPU.Build.0 = Debug|x64
		{816D6EFB-AB62-41E1-A5B2-1940673EAD18}.DebugDll|x64.ActiveCfg = Debug|x64
		{816D6EFB-AB62-41E1-A5B2-1940673EAD18}.DebugDll|x64.Build.0 = Debug|x64
		{816D6EFB-AB62-41E1-A5B2-1940673EAD18}.DebugDll|x86.ActiveCfg = Debug|Win32
		{816D6EFB-AB62-41E1-A5B2-1940673EAD18}.DebugDll|x86.Build.0 = Debug|Win32
		{816D6EFB-AB62-41E1-A5B2-1940673EAD18}.Release|Any CPU.ActiveCfg = Release|x64
		{816D6EFB-AB62-41E1-A5B2-1940673EAD18}.Release|Any CPU.Build.0 = Release|x64
		{816D6EFB-AB62-41E1-A5B2-1940673EAD18}.Release|x64.ActiveCfg = Release|x64
		{816D6EFB-AB62-41E1-A5B2-1940673EAD18}.Release|x64.Build.0 = Release|x64
		{816D6EFB-AB62-41E1-A5B2-1940673EAD18}.Release|x86.ActiveCfg = Release|Win32
		{816D6EFB-AB62-41E1-A5B2-1940673EAD18}.Release|x86.Build.0 = Release|Win32
		{816D6EFB-AB62-41E1-A5B2-1940673EAD18}.ReleaseDll|Any CPU.ActiveCfg = Release|x64
		{816D6EFB-AB62-41E1-A5B2-1940673EAD18}.ReleaseDll|Any CPU.Build.0 = Release|x64
		{816D6EFB-AB62-41E1-A5B2-1940673EAD18}.ReleaseDll|x64.ActiveCfg = Release|x64
		{816D6EFB-AB62-41E1-A5B2-1940673EAD18}.ReleaseDll|x64.Build.0 = Release|x64
		{816D6EFB-AB62-41E1-A5B2-1940673EAD18}.ReleaseDll|x86.ActiveCfg = Release|Win32
		{816D6EFB-AB62-41E1-A5B2-1940673EAD18}.ReleaseDll|x86.Build.0 = Release|Win32
		{5DB861B6-5E28-47C8-A94C-300B640BD4A3}.Debug|Any CPU.ActiveCfg = Debug|Any CPU
		{5DB861B6-5E28-47C8-A94C-300B640BD4A3}.Debug|x64.ActiveCfg = Debug|Any CPU
		{5DB861B6-5E28-47C8-A94C-300B640BD4A3}.Debug|x86.ActiveCfg = Debug|Any CPU
		{5DB861B6-5E28-47C8-A94C-300B640BD4A3}.DebugDll|Any CPU.ActiveCfg = Debug|Any CPU
		{5DB861B6-5E28-47C8-A94C-300B640BD4A3}.DebugDll|x64.ActiveCfg = Debug|Any CPU
		{5DB861B6-5E28-47C8-A94C-300B640BD4A3}.DebugDll|x86.ActiveCfg = Debug|Any CPU
		{5DB861B6-5E28-47C8-A94C-300B640BD4A3}.Release|Any CPU.ActiveCfg = Release|Any CPU
		{5DB861B6-5E28-47C8-A94C-300B640BD4A3}.Release|x64.ActiveCfg = Release|Any CPU
		{5DB861B6-5E28-47C8-A94C-300B640BD4A3}.Release|x86.ActiveCfg = Release|Any CPU
		{5DB861B6-5E28-47C8-A94C-300B640BD4A3}.ReleaseDll|Any CPU.ActiveCfg = Release|Any CPU
		{5DB861B6-5E28-47C8-A94C-300B640BD4A3}.ReleaseDll|x64.ActiveCfg = Release|Any CPU
		{5DB861B6-5E28-47C8-A94C-300B640BD4A3}.ReleaseDll|x86.ActiveCfg = Release|Any CPU
	EndGlobalSection
	GlobalSection(SolutionProperties) = preSolution
		HideSolutionNode = FALSE
	EndGlobalSection
	GlobalSection(ExtensibilityGlobals) = postSolution
		SolutionGuid = {288E37A0-2399-49BB-8C24-6935B032A855}
	EndGlobalSection
EndGlobal
