<?xml version="1.0" encoding="utf-8"?>
<Project ToolsVersion="4.0" xmlns="http://schemas.microsoft.com/developer/msbuild/2003">
  <ItemGroup>
    <Filter Include="Source Files">
      <UniqueIdentifier>{4FC737F1-C7A5-4376-A066-2A32D752A2FF}</UniqueIdentifier>
      <Extensions>cpp;c;cc;cxx;def;odl;idl;hpj;bat;asm;asmx</Extensions>
    </Filter>
    <Filter Include="Header Files">
      <UniqueIdentifier>{93995380-89BD-4b04-88EB-625FBE52EBFB}</UniqueIdentifier>
      <Extensions>h;hh;hpp;hxx;hm;inl;inc;xsd</Extensions>
    </Filter>
    <Filter Include="Resource Files">
      <UniqueIdentifier>{67DA6AB6-F800-4c08-8B7A-83BB121AAD01}</UniqueIdentifier>
      <Extensions>rc;ico;cur;bmp;dlg;rc2;rct;bin;rgs;gif;jpg;jpeg;jpe;resx;tiff;tif;png;wav;mfcribbon-ms</Extensions>
    </Filter>
  </ItemGroup>
  <ItemGroup>
    <ClCompile Include="main.cpp">
      <Filter>Source Files</Filter>
    </ClCompile>
    <ClCompile Include="IndexSet.cpp">
      <Filter>Source Files</Filter>
    </ClCompile>
    <ClCompile Include="MeshConnectivity.cpp">
      <Filter>Source Files</Filter>
    </ClCompile>
    <ClCompile Include="DynamicMatrix.cpp">
      <Filter>Source Files</Filter>
    </ClCompile>
    <ClCompile Include="LinAlgs.c">
      <Filter>Source Files</Filter>
    </ClCompile>
    <ClCompile Include="Boundary.cpp">
      <Filter>Source Files</Filter>
    </ClCompile>
    <ClCompile Include="Logger.cpp">
      <Filter>Source Files</Filter>
    </ClCompile>
    <ClCompile Include="Communicator.cpp">
      <Filter>Source Files</Filter>
    </ClCompile>
    <ClCompile Include="DistributedBoundary.cpp">
      <Filter>Source Files</Filter>
    </ClCompile>
    <ClCompile Include="SocketCommunicator.cpp">
      <Filter>Source Files</Filter>
    </ClCompile>
    <ClCompile Include="MPICommunicator.cpp">
      <Filter>Source Files</Filter>
    </ClCompile>
    <ClCompile Include="Application.cpp">
      <Filter>Source Files</Filter>
    </ClCompile>
    <ClCompile Include="Interpolator.cpp">
      <Filter>Source Files</Filter>
    </ClCompile>
    <ClCompile Include="EasyFsi.cpp">
      <Filter>Source Files</Filter>
    </ClCompile>
    <ClCompile Include="TecplotFile.cpp">
      <Filter>Source Files</Filter>
    </ClCompile>
    <ClCompile Include="FluentCommunicator.cpp">
      <Filter>Source Files</Filter>
    </ClCompile>
  </ItemGroup>
  <ItemGroup>
    <ClInclude Include="IndexSet.hpp">
      <Filter>Header Files</Filter>
    </ClInclude>
    <ClInclude Include="MeshConnectivity.hpp">
      <Filter>Header Files</Filter>
    </ClInclude>
    <ClInclude Include="Index.hpp">
      <Filter>Header Files</Filter>
    </ClInclude>
    <ClInclude Include="DynamicVector.hpp">
      <Filter>Header Files</Filter>
    </ClInclude>
    <ClInclude Include="DynamicMatrix.hpp">
      <Filter>Header Files</Filter>
    </ClInclude>
    <ClInclude Include="Assert.hpp">
      <Filter>Header Files</Filter>
    </ClInclude>
    <ClInclude Include="LinAlgs.h">
      <Filter>Header Files</Filter>
    </ClInclude>
    <ClInclude Include="Boundary.hpp">
      <Filter>Header Files</Filter>
    </ClInclude>
    <ClInclude Include="TinyVector.hpp">
      <Filter>Header Files</Filter>
    </ClInclude>
    <ClInclude Include="TinyMatrix.hpp">
      <Filter>Header Files</Filter>
    </ClInclude>
    <ClInclude Include="Logger.hpp">
      <Filter>Header Files</Filter>
    </ClInclude>
    <ClInclude Include="DistributedBoundary.hpp">
      <Filter>Header Files</Filter>
    </ClInclude>
    <ClInclude Include="Communicator.hpp">
      <Filter>Header Files</Filter>
    </ClInclude>
    <ClInclude Include="SocketCommunicator.hpp">
      <Filter>Header Files</Filter>
    </ClInclude>
    <ClInclude Include="KDTree.hpp">
      <Filter>Header Files</Filter>
    </ClInclude>
    <ClInclude Include="ProjectToElement.hpp">
      <Filter>Header Files</Filter>
    </ClInclude>
    <ClInclude Include="MPICommunicator.hpp">
      <Filter>Header Files</Filter>
    </ClInclude>
    <ClInclude Include="FluentCommunicator.hpp">
      <Filter>Header Files</Filter>
    </ClInclude>
    <ClInclude Include="Application.hpp">
      <Filter>Header Files</Filter>
    </ClInclude>
    <ClInclude Include="Field.hpp">
      <Filter>Header Files</Filter>
    </ClInclude>
    <ClInclude Include="Interpolator.hpp">
      <Filter>Header Files</Filter>
    </ClInclude>
    <ClInclude Include="CoupledRegion.hpp">
      <Filter>Header Files</Filter>
    </ClInclude>
    <ClInclude Include="EasyFsi.h">
      <Filter>Header Files</Filter>
    </ClInclude>
    <ClInclude Include="TecplotFile.hpp">
      <Filter>Header Files</Filter>
    </ClInclude>
  </ItemGroup>
  <ItemGroup>
    <None Include="libEasyFsi.def">
      <Filter>Source Files</Filter>
    </None>
  </ItemGroup>
</Project>